
Microsoft Visual Studio Solution File, Format Version 12.00
# Visual Studio Version 17
VisualStudioVersion = 17.14.36221.1
MinimumVisualStudioVersion = 10.0.40219.1
Project("{FAE04EC0-301F-11D3-BF4B-00C04F79EFBC}") = "YimMenu_Injector", "YimMenu_Injector\YimMenu_Injector.csproj", "{4542266C-E81A-4F42-87B5-5553027A5241}"
EndProject
Global
	GlobalSection(SolutionConfigurationPlatforms) = preSolution
		Debug|Any CPU = Debug|Any CPU
		Debug|x64 = Debug|x64
		Release|Any CPU = Release|Any CPU
		Release|x64 = Release|x64
	EndGlobalSection
	GlobalSection(ProjectConfigurationPlatforms) = postSolution
		{4542266C-E81A-4F42-87B5-5553027A5241}.Debug|Any CPU.ActiveCfg = Debug|Any CPU
		{4542266C-E81A-4F42-87B5-5553027A5241}.Debug|Any CPU.Build.0 = Debug|Any CPU
		{4542266C-E81A-4F42-87B5-5553027A5241}.Debug|x64.ActiveCfg = Debug|x64
		{4542266C-E81A-4F42-87B5-5553027A5241}.Debug|x64.Build.0 = Debug|x64
		{4542266C-E81A-4F42-87B5-5553027A5241}.Release|Any CPU.ActiveCfg = Release|Any CPU
		{4542266C-E81A-4F42-87B5-5553027A5241}.Release|Any CPU.Build.0 = Release|Any CPU
		{4542266C-E81A-4F42-87B5-5553027A5241}.Release|x64.ActiveCfg = Release|x64
		{4542266C-E81A-4F42-87B5-5553027A5241}.Release|x64.Build.0 = Release|x64
	EndGlobalSection
	GlobalSection(SolutionProperties) = preSolution
		HideSolutionNode = FALSE
	EndGlobalSection
	GlobalSection(ExtensibilityGlobals) = postSolution
		SolutionGuid = {8C19518A-E167-466B-B8B1-9483E10B3C3B}
	EndGlobalSection
EndGlobal
